// !$*UTF8*$!
{
	archiveVersion = 1;
	classes = {
	};
	objectVersion = 50;
	objects = {

/* Begin PBXBuildFile section */
		170D6A2E2614CA0E00C79FB8 /* AppDelegate.swift in Sources */ = {isa = PBXBuildFile; fileRef = 170D6A2D2614CA0E00C79FB8 /* AppDelegate.swift */; };
		170D6A302614CA0E00C79FB8 /* SceneDelegate.swift in Sources */ = {isa = PBXBuildFile; fileRef = 170D6A2F2614CA0E00C79FB8 /* SceneDelegate.swift */; };
		170D6A322614CA0E00C79FB8 /* ViewController.swift in Sources */ = {isa = PBXBuildFile; fileRef = 170D6A312614CA0E00C79FB8 /* ViewController.swift */; };
		170D6A372614CA0F00C79FB8 /* Assets.xcassets in Resources */ = {isa = PBXBuildFile; fileRef = 170D6A362614CA0F00C79FB8 /* Assets.xcassets */; };
		170D6A3A2614CA0F00C79FB8 /* LaunchScreen.storyboard in Resources */ = {isa = PBXBuildFile; fileRef = 170D6A382614CA0F00C79FB8 /* LaunchScreen.storyboard */; };
		170D6A452614CA0F00C79FB8 /* FeedViewModelTests.swift in Sources */ = {isa = PBXBuildFile; fileRef = 170D6A442614CA0F00C79FB8 /* FeedViewModelTests.swift */; };
		170D6A502614CA0F00C79FB8 /* RedditDemoUITests.swift in Sources */ = {isa = PBXBuildFile; fileRef = 170D6A4F2614CA0F00C79FB8 /* RedditDemoUITests.swift */; };
		170D6A642614D09900C79FB8 /* Welcome.swift in Sources */ = {isa = PBXBuildFile; fileRef = 170D6A632614D09900C79FB8 /* Welcome.swift */; };
		170D6A6C2614D0B700C79FB8 /* Child.swift in Sources */ = {isa = PBXBuildFile; fileRef = 170D6A6B2614D0B700C79FB8 /* Child.swift */; };
		170D6A712614DFF900C79FB8 /* FeedViewModel.swift in Sources */ = {isa = PBXBuildFile; fileRef = 170D6A702614DFF900C79FB8 /* FeedViewModel.swift */; };
		170D6A762614EC8A00C79FB8 /* FeedTableViewCell.swift in Sources */ = {isa = PBXBuildFile; fileRef = 170D6A752614EC8A00C79FB8 /* FeedTableViewCell.swift */; };
		170D6A7A2614F0E400C79FB8 /* feeds.json in Resources */ = {isa = PBXBuildFile; fileRef = 170D6A612614CC3F00C79FB8 /* feeds.json */; };
		170D6A7F26150F5300C79FB8 /* FeedCellViewModel.swift in Sources */ = {isa = PBXBuildFile; fileRef = 170D6A7E26150F5300C79FB8 /* FeedCellViewModel.swift */; };
		17392A01261633FC002034CB /* FeedProviderTests.swift in Sources */ = {isa = PBXBuildFile; fileRef = 17392A00261633FC002034CB /* FeedProviderTests.swift */; };
		17392A09261635A8002034CB /* EndPointTests.swift in Sources */ = {isa = PBXBuildFile; fileRef = 17392A08261635A8002034CB /* EndPointTests.swift */; };
		17392A1126163BAF002034CB /* FeedCellViewModelTests.swift in Sources */ = {isa = PBXBuildFile; fileRef = 17392A1026163BAF002034CB /* FeedCellViewModelTests.swift */; };
		17392A1626163D84002034CB /* IntRoundedAbbrevationTests.swift in Sources */ = {isa = PBXBuildFile; fileRef = 17392A1526163D84002034CB /* IntRoundedAbbrevationTests.swift */; };
		177F37AF26151C8700876184 /* UIView+Extensions.swift in Sources */ = {isa = PBXBuildFile; fileRef = 177F37AE26151C8700876184 /* UIView+Extensions.swift */; };
		177F37B426151E9500876184 /* Int+Extension.swift in Sources */ = {isa = PBXBuildFile; fileRef = 177F37B326151E9500876184 /* Int+Extension.swift */; };
		179E7C412615F7A3008A08E1 /* FeedImageView.swift in Sources */ = {isa = PBXBuildFile; fileRef = 179E7C402615F7A3008A08E1 /* FeedImageView.swift */; };
		179E7C6926160F60008A08E1 /* Endpoint.swift in Sources */ = {isa = PBXBuildFile; fileRef = 179E7C5926160F60008A08E1 /* Endpoint.swift */; };
		179E7C7D2616112A008A08E1 /* FeedProvider.swift in Sources */ = {isa = PBXBuildFile; fileRef = 179E7C7C2616112A008A08E1 /* FeedProvider.swift */; };
		179E7C8E26161383008A08E1 /* Networking.swift in Sources */ = {isa = PBXBuildFile; fileRef = 179E7C8D26161383008A08E1 /* Networking.swift */; };
		17D0C3FA26154F5B0080CC5F /* LoadingTableViewCell.swift in Sources */ = {isa = PBXBuildFile; fileRef = 17D0C3F926154F5B0080CC5F /* LoadingTableViewCell.swift */; };
		17D0C40026155A9E0080CC5F /* ImageLoader.swift in Sources */ = {isa = PBXBuildFile; fileRef = 17D0C3FF26155A9E0080CC5F /* ImageLoader.swift */; };
/* End PBXBuildFile section */

/* Begin PBXContainerItemProxy section */
		170D6A412614CA0F00C79FB8 /* PBXContainerItemProxy */ = {
			isa = PBXContainerItemProxy;
			containerPortal = 170D6A222614CA0E00C79FB8 /* Project object */;
			proxyType = 1;
			remoteGlobalIDString = 170D6A292614CA0E00C79FB8;
			remoteInfo = RedditDemo;
		};
		170D6A4C2614CA0F00C79FB8 /* PBXContainerItemProxy */ = {
			isa = PBXContainerItemProxy;
			containerPortal = 170D6A222614CA0E00C79FB8 /* Project object */;
			proxyType = 1;
			remoteGlobalIDString = 170D6A292614CA0E00C79FB8;
			remoteInfo = RedditDemo;
		};
/* End PBXContainerItemProxy section */

/* Begin PBXFileReference section */
		170D6A2A2614CA0E00C79FB8 /* RedditDemo.app */ = {isa = PBXFileReference; explicitFileType = wrapper.application; includeInIndex = 0; path = RedditDemo.app; sourceTree = BUILT_PRODUCTS_DIR; };
		170D6A2D2614CA0E00C79FB8 /* AppDelegate.swift */ = {isa = PBXFileReference; lastKnownFileType = sourcecode.swift; path = AppDelegate.swift; sourceTree = "<group>"; };
		170D6A2F2614CA0E00C79FB8 /* SceneDelegate.swift */ = {isa = PBXFileReference; lastKnownFileType = sourcecode.swift; path = SceneDelegate.swift; sourceTree = "<group>"; };
		170D6A312614CA0E00C79FB8 /* ViewController.swift */ = {isa = PBXFileReference; lastKnownFileType = sourcecode.swift; path = ViewController.swift; sourceTree = "<group>"; };
		170D6A362614CA0F00C79FB8 /* Assets.xcassets */ = {isa = PBXFileReference; lastKnownFileType = folder.assetcatalog; path = Assets.xcassets; sourceTree = "<group>"; };
		170D6A392614CA0F00C79FB8 /* Base */ = {isa = PBXFileReference; lastKnownFileType = file.storyboard; name = Base; path = Base.lproj/LaunchScreen.storyboard; sourceTree = "<group>"; };
		170D6A3B2614CA0F00C79FB8 /* Info.plist */ = {isa = PBXFileReference; lastKnownFileType = text.plist.xml; path = Info.plist; sourceTree = "<group>"; };
		170D6A402614CA0F00C79FB8 /* RedditDemoTests.xctest */ = {isa = PBXFileReference; explicitFileType = wrapper.cfbundle; includeInIndex = 0; path = RedditDemoTests.xctest; sourceTree = BUILT_PRODUCTS_DIR; };
		170D6A442614CA0F00C79FB8 /* FeedViewModelTests.swift */ = {isa = PBXFileReference; lastKnownFileType = sourcecode.swift; path = FeedViewModelTests.swift; sourceTree = "<group>"; };
		170D6A462614CA0F00C79FB8 /* Info.plist */ = {isa = PBXFileReference; lastKnownFileType = text.plist.xml; path = Info.plist; sourceTree = "<group>"; };
		170D6A4B2614CA0F00C79FB8 /* RedditDemoUITests.xctest */ = {isa = PBXFileReference; explicitFileType = wrapper.cfbundle; includeInIndex = 0; path = RedditDemoUITests.xctest; sourceTree = BUILT_PRODUCTS_DIR; };
		170D6A4F2614CA0F00C79FB8 /* RedditDemoUITests.swift */ = {isa = PBXFileReference; lastKnownFileType = sourcecode.swift; path = RedditDemoUITests.swift; sourceTree = "<group>"; };
		170D6A512614CA0F00C79FB8 /* Info.plist */ = {isa = PBXFileReference; lastKnownFileType = text.plist.xml; path = Info.plist; sourceTree = "<group>"; };
		170D6A612614CC3F00C79FB8 /* feeds.json */ = {isa = PBXFileReference; lastKnownFileType = text.json; path = feeds.json; sourceTree = "<group>"; };
		170D6A632614D09900C79FB8 /* Welcome.swift */ = {isa = PBXFileReference; lastKnownFileType = sourcecode.swift; path = Welcome.swift; sourceTree = "<group>"; };
		170D6A6B2614D0B700C79FB8 /* Child.swift */ = {isa = PBXFileReference; lastKnownFileType = sourcecode.swift; path = Child.swift; sourceTree = "<group>"; };
		170D6A702614DFF900C79FB8 /* FeedViewModel.swift */ = {isa = PBXFileReference; lastKnownFileType = sourcecode.swift; path = FeedViewModel.swift; sourceTree = "<group>"; };
		170D6A752614EC8A00C79FB8 /* FeedTableViewCell.swift */ = {isa = PBXFileReference; lastKnownFileType = sourcecode.swift; path = FeedTableViewCell.swift; sourceTree = "<group>"; };
		170D6A7E26150F5300C79FB8 /* FeedCellViewModel.swift */ = {isa = PBXFileReference; lastKnownFileType = sourcecode.swift; path = FeedCellViewModel.swift; sourceTree = "<group>"; };
		17392A00261633FC002034CB /* FeedProviderTests.swift */ = {isa = PBXFileReference; lastKnownFileType = sourcecode.swift; path = FeedProviderTests.swift; sourceTree = "<group>"; };
		17392A08261635A8002034CB /* EndPointTests.swift */ = {isa = PBXFileReference; lastKnownFileType = sourcecode.swift; path = EndPointTests.swift; sourceTree = "<group>"; };
		17392A1026163BAF002034CB /* FeedCellViewModelTests.swift */ = {isa = PBXFileReference; lastKnownFileType = sourcecode.swift; path = FeedCellViewModelTests.swift; sourceTree = "<group>"; };
		17392A1526163D84002034CB /* IntRoundedAbbrevationTests.swift */ = {isa = PBXFileReference; lastKnownFileType = sourcecode.swift; path = IntRoundedAbbrevationTests.swift; sourceTree = "<group>"; };
		177F37AE26151C8700876184 /* UIView+Extensions.swift */ = {isa = PBXFileReference; lastKnownFileType = sourcecode.swift; path = "UIView+Extensions.swift"; sourceTree = "<group>"; };
		177F37B326151E9500876184 /* Int+Extension.swift */ = {isa = PBXFileReference; lastKnownFileType = sourcecode.swift; path = "Int+Extension.swift"; sourceTree = "<group>"; };
		179E7C402615F7A3008A08E1 /* FeedImageView.swift */ = {isa = PBXFileReference; lastKnownFileType = sourcecode.swift; path = FeedImageView.swift; sourceTree = "<group>"; };
		179E7C5926160F60008A08E1 /* Endpoint.swift */ = {isa = PBXFileReference; fileEncoding = 4; lastKnownFileType = sourcecode.swift; path = Endpoint.swift; sourceTree = "<group>"; };
		179E7C7C2616112A008A08E1 /* FeedProvider.swift */ = {isa = PBXFileReference; lastKnownFileType = sourcecode.swift; path = FeedProvider.swift; sourceTree = "<group>"; };
		179E7C8D26161383008A08E1 /* Networking.swift */ = {isa = PBXFileReference; lastKnownFileType = sourcecode.swift; path = Networking.swift; sourceTree = "<group>"; };
		17D0C3F926154F5B0080CC5F /* LoadingTableViewCell.swift */ = {isa = PBXFileReference; lastKnownFileType = sourcecode.swift; path = LoadingTableViewCell.swift; sourceTree = "<group>"; };
		17D0C3FF26155A9E0080CC5F /* ImageLoader.swift */ = {isa = PBXFileReference; lastKnownFileType = sourcecode.swift; path = ImageLoader.swift; sourceTree = "<group>"; };
/* End PBXFileReference section */

/* Begin PBXFrameworksBuildPhase section */
		170D6A272614CA0E00C79FB8 /* Frameworks */ = {
			isa = PBXFrameworksBuildPhase;
			buildActionMask = 2147483647;
			files = (
			);
			runOnlyForDeploymentPostprocessing = 0;
		};
		170D6A3D2614CA0F00C79FB8 /* Frameworks */ = {
			isa = PBXFrameworksBuildPhase;
			buildActionMask = 2147483647;
			files = (
			);
			runOnlyForDeploymentPostprocessing = 0;
		};
		170D6A482614CA0F00C79FB8 /* Frameworks */ = {
			isa = PBXFrameworksBuildPhase;
			buildActionMask = 2147483647;
			files = (
			);
			runOnlyForDeploymentPostprocessing = 0;
		};
/* End PBXFrameworksBuildPhase section */

/* Begin PBXGroup section */
		170D6A212614CA0E00C79FB8 = {
			isa = PBXGroup;
			children = (
				170D6A2C2614CA0E00C79FB8 /* RedditDemo */,
				170D6A432614CA0F00C79FB8 /* RedditDemoTests */,
				170D6A4E2614CA0F00C79FB8 /* RedditDemoUITests */,
				170D6A2B2614CA0E00C79FB8 /* Products */,
			);
			sourceTree = "<group>";
		};
		170D6A2B2614CA0E00C79FB8 /* Products */ = {
			isa = PBXGroup;
			children = (
				170D6A2A2614CA0E00C79FB8 /* RedditDemo.app */,
				170D6A402614CA0F00C79FB8 /* RedditDemoTests.xctest */,
				170D6A4B2614CA0F00C79FB8 /* RedditDemoUITests.xctest */,
			);
			name = Products;
			sourceTree = "<group>";
		};
		170D6A2C2614CA0E00C79FB8 /* RedditDemo */ = {
			isa = PBXGroup;
			children = (
				177F37AD26151C6F00876184 /* Extesnions */,
				179E7C4826160F60008A08E1 /* Network */,
				170D6A622614D08700C79FB8 /* Model */,
				170D6A2D2614CA0E00C79FB8 /* AppDelegate.swift */,
				170D6A2F2614CA0E00C79FB8 /* SceneDelegate.swift */,
				179E7C3E2615F76E008A08E1 /* Controller */,
				179E7C3D2615F758008A08E1 /* View */,
				179E7C3F2615F77A008A08E1 /* ViewModel */,
				170D6A362614CA0F00C79FB8 /* Assets.xcassets */,
				170D6A382614CA0F00C79FB8 /* LaunchScreen.storyboard */,
				170D6A3B2614CA0F00C79FB8 /* Info.plist */,
			);
			path = RedditDemo;
			sourceTree = "<group>";
		};
		170D6A432614CA0F00C79FB8 /* RedditDemoTests */ = {
			isa = PBXGroup;
			children = (
				170D6A442614CA0F00C79FB8 /* FeedViewModelTests.swift */,
				17392A00261633FC002034CB /* FeedProviderTests.swift */,
				17392A1026163BAF002034CB /* FeedCellViewModelTests.swift */,
				17392A08261635A8002034CB /* EndPointTests.swift */,
				17392A1526163D84002034CB /* IntRoundedAbbrevationTests.swift */,
				170D6A462614CA0F00C79FB8 /* Info.plist */,
			);
			path = RedditDemoTests;
			sourceTree = "<group>";
		};
		170D6A4E2614CA0F00C79FB8 /* RedditDemoUITests */ = {
			isa = PBXGroup;
			children = (
				170D6A4F2614CA0F00C79FB8 /* RedditDemoUITests.swift */,
				170D6A512614CA0F00C79FB8 /* Info.plist */,
			);
			path = RedditDemoUITests;
			sourceTree = "<group>";
		};
		170D6A622614D08700C79FB8 /* Model */ = {
			isa = PBXGroup;
			children = (
				170D6A632614D09900C79FB8 /* Welcome.swift */,
				170D6A6B2614D0B700C79FB8 /* Child.swift */,
			);
			path = Model;
			sourceTree = "<group>";
		};
		177F37AD26151C6F00876184 /* Extesnions */ = {
			isa = PBXGroup;
			children = (
				177F37AE26151C8700876184 /* UIView+Extensions.swift */,
				177F37B326151E9500876184 /* Int+Extension.swift */,
			);
			path = Extesnions;
			sourceTree = "<group>";
		};
		179E7C3D2615F758008A08E1 /* View */ = {
			isa = PBXGroup;
			children = (
				170D6A752614EC8A00C79FB8 /* FeedTableViewCell.swift */,
				17D0C3F926154F5B0080CC5F /* LoadingTableViewCell.swift */,
				179E7C402615F7A3008A08E1 /* FeedImageView.swift */,
			);
			path = View;
			sourceTree = "<group>";
		};
		179E7C3E2615F76E008A08E1 /* Controller */ = {
			isa = PBXGroup;
			children = (
				170D6A312614CA0E00C79FB8 /* ViewController.swift */,
			);
			path = Controller;
			sourceTree = "<group>";
		};
		179E7C3F2615F77A008A08E1 /* ViewModel */ = {
			isa = PBXGroup;
			children = (
				170D6A7E26150F5300C79FB8 /* FeedCellViewModel.swift */,
				170D6A702614DFF900C79FB8 /* FeedViewModel.swift */,
			);
			path = ViewModel;
			sourceTree = "<group>";
		};
		179E7C4826160F60008A08E1 /* Network */ = {
			isa = PBXGroup;
			children = (
				179E7C4926160F60008A08E1 /* Mocks */,
				17D0C3FF26155A9E0080CC5F /* ImageLoader.swift */,
				179E7C5926160F60008A08E1 /* Endpoint.swift */,
				179E7C7C2616112A008A08E1 /* FeedProvider.swift */,
				179E7C8D26161383008A08E1 /* Networking.swift */,
			);
			path = Network;
			sourceTree = "<group>";
		};
		179E7C4926160F60008A08E1 /* Mocks */ = {
			isa = PBXGroup;
			children = (
				170D6A612614CC3F00C79FB8 /* feeds.json */,
			);
			path = Mocks;
			sourceTree = "<group>";
		};
/* End PBXGroup section */

/* Begin PBXNativeTarget section */
		170D6A292614CA0E00C79FB8 /* RedditDemo */ = {
			isa = PBXNativeTarget;
			buildConfigurationList = 170D6A542614CA0F00C79FB8 /* Build configuration list for PBXNativeTarget "RedditDemo" */;
			buildPhases = (
				170D6A262614CA0E00C79FB8 /* Sources */,
				170D6A272614CA0E00C79FB8 /* Frameworks */,
				170D6A282614CA0E00C79FB8 /* Resources */,
			);
			buildRules = (
			);
			dependencies = (
			);
			name = RedditDemo;
			productName = RedditDemo;
			productReference = 170D6A2A2614CA0E00C79FB8 /* RedditDemo.app */;
			productType = "com.apple.product-type.application";
		};
		170D6A3F2614CA0F00C79FB8 /* RedditDemoTests */ = {
			isa = PBXNativeTarget;
			buildConfigurationList = 170D6A572614CA0F00C79FB8 /* Build configuration list for PBXNativeTarget "RedditDemoTests" */;
			buildPhases = (
				170D6A3C2614CA0F00C79FB8 /* Sources */,
				170D6A3D2614CA0F00C79FB8 /* Frameworks */,
				170D6A3E2614CA0F00C79FB8 /* Resources */,
			);
			buildRules = (
			);
			dependencies = (
				170D6A422614CA0F00C79FB8 /* PBXTargetDependency */,
			);
			name = RedditDemoTests;
			productName = RedditDemoTests;
			productReference = 170D6A402614CA0F00C79FB8 /* RedditDemoTests.xctest */;
			productType = "com.apple.product-type.bundle.unit-test";
		};
		170D6A4A2614CA0F00C79FB8 /* RedditDemoUITests */ = {
			isa = PBXNativeTarget;
			buildConfigurationList = 170D6A5A2614CA0F00C79FB8 /* Build configuration list for PBXNativeTarget "RedditDemoUITests" */;
			buildPhases = (
				170D6A472614CA0F00C79FB8 /* Sources */,
				170D6A482614CA0F00C79FB8 /* Frameworks */,
				170D6A492614CA0F00C79FB8 /* Resources */,
			);
			buildRules = (
			);
			dependencies = (
				170D6A4D2614CA0F00C79FB8 /* PBXTargetDependency */,
			);
			name = RedditDemoUITests;
			productName = RedditDemoUITests;
			productReference = 170D6A4B2614CA0F00C79FB8 /* RedditDemoUITests.xctest */;
			productType = "com.apple.product-type.bundle.ui-testing";
		};
/* End PBXNativeTarget section */

/* Begin PBXProject section */
		170D6A222614CA0E00C79FB8 /* Project object */ = {
			isa = PBXProject;
			attributes = {
				LastSwiftUpdateCheck = 1230;
				LastUpgradeCheck = 1230;
				TargetAttributes = {
					170D6A292614CA0E00C79FB8 = {
						CreatedOnToolsVersion = 12.3;
					};
					170D6A3F2614CA0F00C79FB8 = {
						CreatedOnToolsVersion = 12.3;
						TestTargetID = 170D6A292614CA0E00C79FB8;
					};
					170D6A4A2614CA0F00C79FB8 = {
						CreatedOnToolsVersion = 12.3;
						TestTargetID = 170D6A292614CA0E00C79FB8;
					};
				};
			};
			buildConfigurationList = 170D6A252614CA0E00C79FB8 /* Build configuration list for PBXProject "RedditDemo" */;
			compatibilityVersion = "Xcode 9.3";
			developmentRegion = en;
			hasScannedForEncodings = 0;
			knownRegions = (
				en,
				Base,
			);
			mainGroup = 170D6A212614CA0E00C79FB8;
			productRefGroup = 170D6A2B2614CA0E00C79FB8 /* Products */;
			projectDirPath = "";
			projectRoot = "";
			targets = (
				170D6A292614CA0E00C79FB8 /* RedditDemo */,
				170D6A3F2614CA0F00C79FB8 /* RedditDemoTests */,
				170D6A4A2614CA0F00C79FB8 /* RedditDemoUITests */,
			);
		};
/* End PBXProject section */

/* Begin PBXResourcesBuildPhase section */
		170D6A282614CA0E00C79FB8 /* Resources */ = {
			isa = PBXResourcesBuildPhase;
			buildActionMask = 2147483647;
			files = (
				170D6A7A2614F0E400C79FB8 /* feeds.json in Resources */,
				170D6A3A2614CA0F00C79FB8 /* LaunchScreen.storyboard in Resources */,
				170D6A372614CA0F00C79FB8 /* Assets.xcassets in Resources */,
			);
			runOnlyForDeploymentPostprocessing = 0;
		};
		170D6A3E2614CA0F00C79FB8 /* Resources */ = {
			isa = PBXResourcesBuildPhase;
			buildActionMask = 2147483647;
			files = (
			);
			runOnlyForDeploymentPostprocessing = 0;
		};
		170D6A492614CA0F00C79FB8 /* Resources */ = {
			isa = PBXResourcesBuildPhase;
			buildActionMask = 2147483647;
			files = (
			);
			runOnlyForDeploymentPostprocessing = 0;
		};
/* End PBXResourcesBuildPhase section */

/* Begin PBXSourcesBuildPhase section */
		170D6A262614CA0E00C79FB8 /* Sources */ = {
			isa = PBXSourcesBuildPhase;
			buildActionMask = 2147483647;
			files = (
				170D6A642614D09900C79FB8 /* Welcome.swift in Sources */,
				179E7C412615F7A3008A08E1 /* FeedImageView.swift in Sources */,
				170D6A322614CA0E00C79FB8 /* ViewController.swift in Sources */,
				179E7C8E26161383008A08E1 /* Networking.swift in Sources */,
				17D0C40026155A9E0080CC5F /* ImageLoader.swift in Sources */,
				170D6A7F26150F5300C79FB8 /* FeedCellViewModel.swift in Sources */,
				177F37AF26151C8700876184 /* UIView+Extensions.swift in Sources */,
				170D6A762614EC8A00C79FB8 /* FeedTableViewCell.swift in Sources */,
				177F37B426151E9500876184 /* Int+Extension.swift in Sources */,
				170D6A712614DFF900C79FB8 /* FeedViewModel.swift in Sources */,
				179E7C6926160F60008A08E1 /* Endpoint.swift in Sources */,
				17D0C3FA26154F5B0080CC5F /* LoadingTableViewCell.swift in Sources */,
				170D6A2E2614CA0E00C79FB8 /* AppDelegate.swift in Sources */,
				170D6A6C2614D0B700C79FB8 /* Child.swift in Sources */,
				179E7C7D2616112A008A08E1 /* FeedProvider.swift in Sources */,
				170D6A302614CA0E00C79FB8 /* SceneDelegate.swift in Sources */,
			);
			runOnlyForDeploymentPostprocessing = 0;
		};
		170D6A3C2614CA0F00C79FB8 /* Sources */ = {
			isa = PBXSourcesBuildPhase;
			buildActionMask = 2147483647;
			files = (
				17392A01261633FC002034CB /* FeedProviderTests.swift in Sources */,
				17392A1626163D84002034CB /* IntRoundedAbbrevationTests.swift in Sources */,
				170D6A452614CA0F00C79FB8 /* FeedViewModelTests.swift in Sources */,
				17392A1126163BAF002034CB /* FeedCellViewModelTests.swift in Sources */,
				17392A09261635A8002034CB /* EndPointTests.swift in Sources */,
			);
			runOnlyForDeploymentPostprocessing = 0;
		};
		170D6A472614CA0F00C79FB8 /* Sources */ = {
			isa = PBXSourcesBuildPhase;
			buildActionMask = 2147483647;
			files = (
				170D6A502614CA0F00C79FB8 /* RedditDemoUITests.swift in Sources */,
			);
			runOnlyForDeploymentPostprocessing = 0;
		};
/* End PBXSourcesBuildPhase section */

/* Begin PBXTargetDependency section */
		170D6A422614CA0F00C79FB8 /* PBXTargetDependency */ = {
			isa = PBXTargetDependency;
			target = 170D6A292614CA0E00C79FB8 /* RedditDemo */;
			targetProxy = 170D6A412614CA0F00C79FB8 /* PBXContainerItemProxy */;
		};
		170D6A4D2614CA0F00C79FB8 /* PBXTargetDependency */ = {
			isa = PBXTargetDependency;
			target = 170D6A292614CA0E00C79FB8 /* RedditDemo */;
			targetProxy = 170D6A4C2614CA0F00C79FB8 /* PBXContainerItemProxy */;
		};
/* End PBXTargetDependency section */

/* Begin PBXVariantGroup section */
		170D6A382614CA0F00C79FB8 /* LaunchScreen.storyboard */ = {
			isa = PBXVariantGroup;
			children = (
				170D6A392614CA0F00C79FB8 /* Base */,
			);
			name = LaunchScreen.storyboard;
			sourceTree = "<group>";
		};
/* End PBXVariantGroup section */

/* Begin XCBuildConfiguration section */
		170D6A522614CA0F00C79FB8 /* Debug */ = {
			isa = XCBuildConfiguration;
			buildSettings = {
				ALWAYS_SEARCH_USER_PATHS = NO;
				CLANG_ANALYZER_NONNULL = YES;
				CLANG_ANALYZER_NUMBER_OBJECT_CONVERSION = YES_AGGRESSIVE;
				CLANG_CXX_LANGUAGE_STANDARD = "gnu++14";
				CLANG_CXX_LIBRARY = "libc++";
				CLANG_ENABLE_MODULES = YES;
				CLANG_ENABLE_OBJC_ARC = YES;
				CLANG_ENABLE_OBJC_WEAK = YES;
				CLANG_WARN_BLOCK_CAPTURE_AUTORELEASING = YES;
				CLANG_WARN_BOOL_CONVERSION = YES;
				CLANG_WARN_COMMA = YES;
				CLANG_WARN_CONSTANT_CONVERSION = YES;
				CLANG_WARN_DEPRECATED_OBJC_IMPLEMENTATIONS = YES;
				CLANG_WARN_DIRECT_OBJC_ISA_USAGE = YES_ERROR;
				CLANG_WARN_DOCUMENTATION_COMMENTS = YES;
				CLANG_WARN_EMPTY_BODY = YES;
				CLANG_WARN_ENUM_CONVERSION = YES;
				CLANG_WARN_INFINITE_RECURSION = YES;
				CLANG_WARN_INT_CONVERSION = YES;
				CLANG_WARN_NON_LITERAL_NULL_CONVERSION = YES;
				CLANG_WARN_OBJC_IMPLICIT_RETAIN_SELF = YES;
				CLANG_WARN_OBJC_LITERAL_CONVERSION = YES;
				CLANG_WARN_OBJC_ROOT_CLASS = YES_ERROR;
				CLANG_WARN_QUOTED_INCLUDE_IN_FRAMEWORK_HEADER = YES;
				CLANG_WARN_RANGE_LOOP_ANALYSIS = YES;
				CLANG_WARN_STRICT_PROTOTYPES = YES;
				CLANG_WARN_SUSPICIOUS_MOVE = YES;
				CLANG_WARN_UNGUARDED_AVAILABILITY = YES_AGGRESSIVE;
				CLANG_WARN_UNREACHABLE_CODE = YES;
				CLANG_WARN__DUPLICATE_METHOD_MATCH = YES;
				COPY_PHASE_STRIP = NO;
				DEBUG_INFORMATION_FORMAT = dwarf;
				ENABLE_STRICT_OBJC_MSGSEND = YES;
				ENABLE_TESTABILITY = YES;
				GCC_C_LANGUAGE_STANDARD = gnu11;
				GCC_DYNAMIC_NO_PIC = NO;
				GCC_NO_COMMON_BLOCKS = YES;
				GCC_OPTIMIZATION_LEVEL = 0;
				GCC_PREPROCESSOR_DEFINITIONS = (
					"DEBUG=1",
					"$(inherited)",
				);
				GCC_WARN_64_TO_32_BIT_CONVERSION = YES;
				GCC_WARN_ABOUT_RETURN_TYPE = YES_ERROR;
				GCC_WARN_UNDECLARED_SELECTOR = YES;
				GCC_WARN_UNINITIALIZED_AUTOS = YES_AGGRESSIVE;
				GCC_WARN_UNUSED_FUNCTION = YES;
				GCC_WARN_UNUSED_VARIABLE = YES;
				IPHONEOS_DEPLOYMENT_TARGET = 14.3;
				MTL_ENABLE_DEBUG_INFO = INCLUDE_SOURCE;
				MTL_FAST_MATH = YES;
				ONLY_ACTIVE_ARCH = YES;
				SDKROOT = iphoneos;
				SWIFT_ACTIVE_COMPILATION_CONDITIONS = DEBUG;
				SWIFT_OPTIMIZATION_LEVEL = "-Onone";
			};
			name = Debug;
		};
		170D6A532614CA0F00C79FB8 /* Release */ = {
			isa = XCBuildConfiguration;
			buildSettings = {
				ALWAYS_SEARCH_USER_PATHS = NO;
				CLANG_ANALYZER_NONNULL = YES;
				CLANG_ANALYZER_NUMBER_OBJECT_CONVERSION = YES_AGGRESSIVE;
				CLANG_CXX_LANGUAGE_STANDARD = "gnu++14";
				CLANG_CXX_LIBRARY = "libc++";
				CLANG_ENABLE_MODULES = YES;
				CLANG_ENABLE_OBJC_ARC = YES;
				CLANG_ENABLE_OBJC_WEAK = YES;
				CLANG_WARN_BLOCK_CAPTURE_AUTORELEASING = YES;
				CLANG_WARN_BOOL_CONVERSION = YES;
				CLANG_WARN_COMMA = YES;
				CLANG_WARN_CONSTANT_CONVERSION = YES;
				CLANG_WARN_DEPRECATED_OBJC_IMPLEMENTATIONS = YES;
				CLANG_WARN_DIRECT_OBJC_ISA_USAGE = YES_ERROR;
				CLANG_WARN_DOCUMENTATION_COMMENTS = YES;
				CLANG_WARN_EMPTY_BODY = YES;
				CLANG_WARN_ENUM_CONVERSION = YES;
				CLANG_WARN_INFINITE_RECURSION = YES;
				CLANG_WARN_INT_CONVERSION = YES;
				CLANG_WARN_NON_LITERAL_NULL_CONVERSION = YES;
				CLANG_WARN_OBJC_IMPLICIT_RETAIN_SELF = YES;
				CLANG_WARN_OBJC_LITERAL_CONVERSION = YES;
				CLANG_WARN_OBJC_ROOT_CLASS = YES_ERROR;
				CLANG_WARN_QUOTED_INCLUDE_IN_FRAMEWORK_HEADER = YES;
				CLANG_WARN_RANGE_LOOP_ANALYSIS = YES;
				CLANG_WARN_STRICT_PROTOTYPES = YES;
				CLANG_WARN_SUSPICIOUS_MOVE = YES;
				CLANG_WARN_UNGUARDED_AVAILABILITY = YES_AGGRESSIVE;
				CLANG_WARN_UNREACHABLE_CODE = YES;
				CLANG_WARN__DUPLICATE_METHOD_MATCH = YES;
				COPY_PHASE_STRIP = NO;
				DEBUG_INFORMATION_FORMAT = "dwarf-with-dsym";
				ENABLE_NS_ASSERTIONS = NO;
				ENABLE_STRICT_OBJC_MSGSEND = YES;
				GCC_C_LANGUAGE_STANDARD = gnu11;
				GCC_NO_COMMON_BLOCKS = YES;
				GCC_WARN_64_TO_32_BIT_CONVERSION = YES;
				GCC_WARN_ABOUT_RETURN_TYPE = YES_ERROR;
				GCC_WARN_UNDECLARED_SELECTOR = YES;
				GCC_WARN_UNINITIALIZED_AUTOS = YES_AGGRESSIVE;
				GCC_WARN_UNUSED_FUNCTION = YES;
				GCC_WARN_UNUSED_VARIABLE = YES;
				IPHONEOS_DEPLOYMENT_TARGET = 14.3;
				MTL_ENABLE_DEBUG_INFO = NO;
				MTL_FAST_MATH = YES;
				SDKROOT = iphoneos;
				SWIFT_COMPILATION_MODE = wholemodule;
				SWIFT_OPTIMIZATION_LEVEL = "-O";
				VALIDATE_PRODUCT = YES;
			};
			name = Release;
		};
		170D6A552614CA0F00C79FB8 /* Debug */ = {
			isa = XCBuildConfiguration;
			buildSettings = {
				ASSETCATALOG_COMPILER_APPICON_NAME = AppIcon;
				ASSETCATALOG_COMPILER_GLOBAL_ACCENT_COLOR_NAME = AccentColor;
				CODE_SIGN_STYLE = Automatic;
				INFOPLIST_FILE = RedditDemo/Info.plist;
				LD_RUNPATH_SEARCH_PATHS = (
					"$(inherited)",
					"@executable_path/Frameworks",
				);
				PRODUCT_BUNDLE_IDENTIFIER = com.demo.reddit.RedditDemo;
				PRODUCT_NAME = "$(TARGET_NAME)";
				SWIFT_VERSION = 5.0;
				TARGETED_DEVICE_FAMILY = "1,2";
			};
			name = Debug;
		};
		170D6A562614CA0F00C79FB8 /* Release */ = {
			isa = XCBuildConfiguration;
			buildSettings = {
				ASSETCATALOG_COMPILER_APPICON_NAME = AppIcon;
				ASSETCATALOG_COMPILER_GLOBAL_ACCENT_COLOR_NAME = AccentColor;
				CODE_SIGN_STYLE = Automatic;
				INFOPLIST_FILE = RedditDemo/Info.plist;
				LD_RUNPATH_SEARCH_PATHS = (
					"$(inherited)",
					"@executable_path/Frameworks",
				);
				PRODUCT_BUNDLE_IDENTIFIER = com.demo.reddit.RedditDemo;
				PRODUCT_NAME = "$(TARGET_NAME)";
				SWIFT_VERSION = 5.0;
				TARGETED_DEVICE_FAMILY = "1,2";
			};
			name = Release;
		};
		170D6A582614CA0F00C79FB8 /* Debug */ = {
			isa = XCBuildConfiguration;
			buildSettings = {
				ALWAYS_EMBED_SWIFT_STANDARD_LIBRARIES = YES;
				BUNDLE_LOADER = "$(TEST_HOST)";
				CODE_SIGN_STYLE = Automatic;
				INFOPLIST_FILE = RedditDemoTests/Info.plist;
				IPHONEOS_DEPLOYMENT_TARGET = 14.3;
				LD_RUNPATH_SEARCH_PATHS = (
					"$(inherited)",
					"@executable_path/Frameworks",
					"@loader_path/Frameworks",
				);
				PRODUCT_BUNDLE_IDENTIFIER = com.demo.reddit.RedditDemoTests;
				PRODUCT_NAME = "$(TARGET_NAME)";
				SWIFT_VERSION = 5.0;
				TARGETED_DEVICE_FAMILY = "1,2";
				TEST_HOST = "$(BUILT_PRODUCTS_DIR)/RedditDemo.app/RedditDemo";
			};
			name = Debug;
		};
		170D6A592614CA0F00C79FB8 /* Release */ = {
			isa = XCBuildConfiguration;
			buildSettings = {
				ALWAYS_EMBED_SWIFT_STANDARD_LIBRARIES = YES;
				BUNDLE_LOADER = "$(TEST_HOST)";
				CODE_SIGN_STYLE = Automatic;
				INFOPLIST_FILE = RedditDemoTests/Info.plist;
				IPHONEOS_DEPLOYMENT_TARGET = 14.3;
				LD_RUNPATH_SEARCH_PATHS = (
					"$(inherited)",
					"@executable_path/Frameworks",
					"@loader_path/Frameworks",
				);
				PRODUCT_BUNDLE_IDENTIFIER = com.demo.reddit.RedditDemoTests;
				PRODUCT_NAME = "$(TARGET_NAME)";
				SWIFT_VERSION = 5.0;
				TARGETED_DEVICE_FAMILY = "1,2";
				TEST_HOST = "$(BUILT_PRODUCTS_DIR)/RedditDemo.app/RedditDemo";
			};
			name = Release;
		};
		170D6A5B2614CA0F00C79FB8 /* Debug */ = {
			isa = XCBuildConfiguration;
			buildSettings = {
				ALWAYS_EMBED_SWIFT_STANDARD_LIBRARIES = YES;
				CODE_SIGN_STYLE = Automatic;
				INFOPLIST_FILE = RedditDemoUITests/Info.plist;
				LD_RUNPATH_SEARCH_PATHS = (
					"$(inherited)",
					"@executable_path/Frameworks",
					"@loader_path/Frameworks",
				);
				PRODUCT_BUNDLE_IDENTIFIER = com.demo.reddit.RedditDemoUITests;
				PRODUCT_NAME = "$(TARGET_NAME)";
				SWIFT_VERSION = 5.0;
				TARGETED_DEVICE_FAMILY = "1,2";
				TEST_TARGET_NAME = RedditDemo;
			};
			name = Debug;
		};
		170D6A5C2614CA0F00C79FB8 /* Release */ = {
			isa = XCBuildConfiguration;
			buildSettings = {
				ALWAYS_EMBED_SWIFT_STANDARD_LIBRARIES = YES;
				CODE_SIGN_STYLE = Automatic;
				INFOPLIST_FILE = RedditDemoUITests/Info.plist;
				LD_RUNPATH_SEARCH_PATHS = (
					"$(inherited)",
					"@executable_path/Frameworks",
					"@loader_path/Frameworks",
				);
				PRODUCT_BUNDLE_IDENTIFIER = com.demo.reddit.RedditDemoUITests;
				PRODUCT_NAME = "$(TARGET_NAME)";
				SWIFT_VERSION = 5.0;
				TARGETED_DEVICE_FAMILY = "1,2";
				TEST_TARGET_NAME = RedditDemo;
			};
			name = Release;
		};
/* End XCBuildConfiguration section */

/* Begin XCConfigurationList section */
		170D6A252614CA0E00C79FB8 /* Build configuration list for PBXProject "RedditDemo" */ = {
			isa = XCConfigurationList;
			buildConfigurations = (
				170D6A522614CA0F00C79FB8 /* Debug */,
				170D6A532614CA0F00C79FB8 /* Release */,
			);
			defaultConfigurationIsVisible = 0;
			defaultConfigurationName = Release;
		};
		170D6A542614CA0F00C79FB8 /* Build configuration list for PBXNativeTarget "RedditDemo" */ = {
			isa = XCConfigurationList;
			buildConfigurations = (
				170D6A552614CA0F00C79FB8 /* Debug */,
				170D6A562614CA0F00C79FB8 /* Release */,
			);
			defaultConfigurationIsVisible = 0;
			defaultConfigurationName = Release;
		};
		170D6A572614CA0F00C79FB8 /* Build configuration list for PBXNativeTarget "RedditDemoTests" */ = {
			isa = XCConfigurationList;
			buildConfigurations = (
				170D6A582614CA0F00C79FB8 /* Debug */,
				170D6A592614CA0F00C79FB8 /* Release */,
			);
			defaultConfigurationIsVisible = 0;
			defaultConfigurationName = Release;
		};
		170D6A5A2614CA0F00C79FB8 /* Build configuration list for PBXNativeTarget "RedditDemoUITests" */ = {
			isa = XCConfigurationList;
			buildConfigurations = (
				170D6A5B2614CA0F00C79FB8 /* Debug */,
				170D6A5C2614CA0F00C79FB8 /* Release */,
			);
			defaultConfigurationIsVisible = 0;
			defaultConfigurationName = Release;
		};
/* End XCConfigurationList section */
	};
	rootObject = 170D6A222614CA0E00C79FB8 /* Project object */;
}
